
Microsoft Visual Studio Solution File, Format Version 12.00
# Visual Studio Version 17
VisualStudioVersion = 17.4.33403.182
MinimumVisualStudioVersion = 10.0.40219.1
Project("{FAE04EC0-301F-11D3-BF4B-00C04F79EFBC}") = "BeeBlog.Web", "BeeBlog.Web\BeeBlog.Web.csproj", "{AEE909A7-ADFD-4DDA-96EE-11AFF29493F3}"
EndProject
Global
	GlobalSection(SolutionConfigurationPlatforms) = preSolution
		Debug|Any CPU = Debug|Any CPU
		Release|Any CPU = Release|Any CPU
	EndGlobalSection
	GlobalSection(ProjectConfigurationPlatforms) = postSolution
		{AEE909A7-ADFD-4DDA-96EE-11AFF29493F3}.Debug|Any CPU.ActiveCfg = Debug|Any CPU
		{AEE909A7-ADFD-4DDA-96EE-11AFF29493F3}.Debug|Any CPU.Build.0 = Debug|Any CPU
		{AEE909A7-ADFD-4DDA-96EE-11AFF29493F3}.Release|Any CPU.ActiveCfg = Release|Any CPU
		{AEE909A7-ADFD-4DDA-96EE-11AFF29493F3}.Release|Any CPU.Build.0 = Release|Any CPU
	EndGlobalSection
	GlobalSection(SolutionProperties) = preSolution
		HideSolutionNode = FALSE
	EndGlobalSection
	GlobalSection(ExtensibilityGlobals) = postSolution
		SolutionGuid = {72FC4813-3289-4FDB-BB10-8A16141E71CB}
	EndGlobalSection
EndGlobal
